
Microsoft Visual Studio Solution File, Format Version 12.00
# Visual Studio Version 17
VisualStudioVersion = 17.8.34525.116
MinimumVisualStudioVersion = 10.0.40219.1
Project("{FAE04EC0-301F-11D3-BF4B-00C04F79EFBC}") = "ExchangeRates", "ExchangeRates\ExchangeRates.csproj", "{6727541D-5D50-4587-B14C-37F9C6C3E3C0}"
EndProject
Global
	GlobalSection(SolutionConfigurationPlatforms) = preSolution
		Debug|Any CPU = Debug|Any CPU
		Release|Any CPU = Release|Any CPU
	EndGlobalSection
	GlobalSection(ProjectConfigurationPlatforms) = postSolution
		{6727541D-5D50-4587-B14C-37F9C6C3E3C0}.Debug|Any CPU.ActiveCfg = Debug|Any CPU
		{6727541D-5D50-4587-B14C-37F9C6C3E3C0}.Debug|Any CPU.Build.0 = Debug|Any CPU
		{6727541D-5D50-4587-B14C-37F9C6C3E3C0}.Release|Any CPU.ActiveCfg = Release|Any CPU
		{6727541D-5D50-4587-B14C-37F9C6C3E3C0}.Release|Any CPU.Build.0 = Release|Any CPU
	EndGlobalSection
	GlobalSection(SolutionProperties) = preSolution
		HideSolutionNode = FALSE
	EndGlobalSection
	GlobalSection(ExtensibilityGlobals) = postSolution
		SolutionGuid = {22E2104F-F1B9-4D2D-AE02-0EA14E178DE1}
	EndGlobalSection
EndGlobal
